// !$*UTF8*$!
{
	archiveVersion = 1;
	classes = {
	};
	objectVersion = 50;
	objects = {

/* Begin PBXBuildFile section */
		4F53195E2548AB34005FF098 /* AppDelegate.mm in Sources */ = {isa = PBXBuildFile; fileRef = 4F53195D2548AB34005FF098 /* AppDelegate.mm */; };
		4F5319612548AB34005FF098 /* SceneDelegate.mm in Sources */ = {isa = PBXBuildFile; fileRef = 4F5319602548AB34005FF098 /* SceneDelegate.mm */; };
		4F5319642548AB34005FF098 /* ViewController.mm in Sources */ = {isa = PBXBuildFile; fileRef = 4F5319632548AB34005FF098 /* ViewController.mm */; };
		4F5319672548AB34005FF098 /* Main.storyboard in Resources */ = {isa = PBXBuildFile; fileRef = 4F5319652548AB34005FF098 /* Main.storyboard */; };
		4F5319692548AB37005FF098 /* Assets.xcassets in Resources */ = {isa = PBXBuildFile; fileRef = 4F5319682548AB37005FF098 /* Assets.xcassets */; };
		4F53196C2548AB37005FF098 /* LaunchScreen.storyboard in Resources */ = {isa = PBXBuildFile; fileRef = 4F53196A2548AB37005FF098 /* LaunchScreen.storyboard */; };
		4F53196F2548AB37005FF098 /* main.m in Sources */ = {isa = PBXBuildFile; fileRef = 4F53196E2548AB37005FF098 /* main.m */; };
		4F5319762548AF1C005FF098 /* im_RGB.png in Resources */ = {isa = PBXBuildFile; fileRef = 4F5319752548AF1C005FF098 /* im_RGB.png */; };
		4F5319792548B4FA005FF098 /* Metal.framework in Frameworks */ = {isa = PBXBuildFile; fileRef = 4F5319782548B4FA005FF098 /* Metal.framework */; };
/* End PBXBuildFile section */

/* Begin PBXFileReference section */
		4F5319592548AB34005FF098 /* HowCoreImageInteractsWithMetal.app */ = {isa = PBXFileReference; explicitFileType = wrapper.application; includeInIndex = 0; path = HowCoreImageInteractsWithMetal.app; sourceTree = BUILT_PRODUCTS_DIR; };
		4F53195C2548AB34005FF098 /* AppDelegate.h */ = {isa = PBXFileReference; lastKnownFileType = sourcecode.c.h; path = AppDelegate.h; sourceTree = "<group>"; };
		4F53195D2548AB34005FF098 /* AppDelegate.mm */ = {isa = PBXFileReference; lastKnownFileType = sourcecode.cpp.objcpp; path = AppDelegate.mm; sourceTree = "<group>"; };
		4F53195F2548AB34005FF098 /* SceneDelegate.h */ = {isa = PBXFileReference; lastKnownFileType = sourcecode.c.h; path = SceneDelegate.h; sourceTree = "<group>"; };
		4F5319602548AB34005FF098 /* SceneDelegate.mm */ = {isa = PBXFileReference; lastKnownFileType = sourcecode.cpp.objcpp; path = SceneDelegate.mm; sourceTree = "<group>"; };
		4F5319622548AB34005FF098 /* ViewController.h */ = {isa = PBXFileReference; lastKnownFileType = sourcecode.c.h; path = ViewController.h; sourceTree = "<group>"; };
		4F5319632548AB34005FF098 /* ViewController.mm */ = {isa = PBXFileReference; lastKnownFileType = sourcecode.cpp.objcpp; path = ViewController.mm; sourceTree = "<group>"; };
		4F5319662548AB34005FF098 /* Base */ = {isa = PBXFileReference; lastKnownFileType = file.storyboard; name = Base; path = Base.lproj/Main.storyboard; sourceTree = "<group>"; };
		4F5319682548AB37005FF098 /* Assets.xcassets */ = {isa = PBXFileReference; lastKnownFileType = folder.assetcatalog; path = Assets.xcassets; sourceTree = "<group>"; };
		4F53196B2548AB37005FF098 /* Base */ = {isa = PBXFileReference; lastKnownFileType = file.storyboard; name = Base; path = Base.lproj/LaunchScreen.storyboard; sourceTree = "<group>"; };
		4F53196D2548AB37005FF098 /* Info.plist */ = {isa = PBXFileReference; lastKnownFileType = text.plist.xml; path = Info.plist; sourceTree = "<group>"; };
		4F53196E2548AB37005FF098 /* main.m */ = {isa = PBXFileReference; lastKnownFileType = sourcecode.c.objc; path = main.m; sourceTree = "<group>"; };
		4F5319752548AF1C005FF098 /* im_RGB.png */ = {isa = PBXFileReference; lastKnownFileType = image.png; path = im_RGB.png; sourceTree = "<group>"; };
		4F5319782548B4FA005FF098 /* Metal.framework */ = {isa = PBXFileReference; lastKnownFileType = wrapper.framework; name = Metal.framework; path = System/Library/Frameworks/Metal.framework; sourceTree = SDKROOT; };
/* End PBXFileReference section */

/* Begin PBXFrameworksBuildPhase section */
		4F5319562548AB34005FF098 /* Frameworks */ = {
			isa = PBXFrameworksBuildPhase;
			buildActionMask = 2147483647;
			files = (
				4F5319792548B4FA005FF098 /* Metal.framework in Frameworks */,
			);
			runOnlyForDeploymentPostprocessing = 0;
		};
/* End PBXFrameworksBuildPhase section */

/* Begin PBXGroup section */
		4F5319502548AB34005FF098 = {
			isa = PBXGroup;
			children = (
				4F5319752548AF1C005FF098 /* im_RGB.png */,
				4F53195B2548AB34005FF098 /* HowCoreImageInteractsWithMetal */,
				4F53195A2548AB34005FF098 /* Products */,
				4F5319772548B4FA005FF098 /* Frameworks */,
			);
			sourceTree = "<group>";
		};
		4F53195A2548AB34005FF098 /* Products */ = {
			isa = PBXGroup;
			children = (
				4F5319592548AB34005FF098 /* HowCoreImageInteractsWithMetal.app */,
			);
			name = Products;
			sourceTree = "<group>";
		};
		4F53195B2548AB34005FF098 /* HowCoreImageInteractsWithMetal */ = {
			isa = PBXGroup;
			children = (
				4F53195C2548AB34005FF098 /* AppDelegate.h */,
				4F53195D2548AB34005FF098 /* AppDelegate.mm */,
				4F53195F2548AB34005FF098 /* SceneDelegate.h */,
				4F5319602548AB34005FF098 /* SceneDelegate.mm */,
				4F5319622548AB34005FF098 /* ViewController.h */,
				4F5319632548AB34005FF098 /* ViewController.mm */,
				4F5319652548AB34005FF098 /* Main.storyboard */,
				4F5319682548AB37005FF098 /* Assets.xcassets */,
				4F53196A2548AB37005FF098 /* LaunchScreen.storyboard */,
				4F53196D2548AB37005FF098 /* Info.plist */,
				4F53196E2548AB37005FF098 /* main.m */,
			);
			path = HowCoreImageInteractsWithMetal;
			sourceTree = "<group>";
		};
		4F5319772548B4FA005FF098 /* Frameworks */ = {
			isa = PBXGroup;
			children = (
				4F5319782548B4FA005FF098 /* Metal.framework */,
			);
			name = Frameworks;
			sourceTree = "<group>";
		};
/* End PBXGroup section */

/* Begin PBXNativeTarget section */
		4F5319582548AB34005FF098 /* HowCoreImageInteractsWithMetal */ = {
			isa = PBXNativeTarget;
			buildConfigurationList = 4F5319722548AB37005FF098 /* Build configuration list for PBXNativeTarget "HowCoreImageInteractsWithMetal" */;
			buildPhases = (
				4F5319552548AB34005FF098 /* Sources */,
				4F5319562548AB34005FF098 /* Frameworks */,
				4F5319572548AB34005FF098 /* Resources */,
			);
			buildRules = (
			);
			dependencies = (
			);
			name = HowCoreImageInteractsWithMetal;
			productName = HowCoreImageInteractsWithMetal;
			productReference = 4F5319592548AB34005FF098 /* HowCoreImageInteractsWithMetal.app */;
			productType = "com.apple.product-type.application";
		};
/* End PBXNativeTarget section */

/* Begin PBXProject section */
		4F5319512548AB34005FF098 /* Project object */ = {
			isa = PBXProject;
			attributes = {
				LastUpgradeCheck = 1170;
				ORGANIZATIONNAME = test;
				TargetAttributes = {
					4F5319582548AB34005FF098 = {
						CreatedOnToolsVersion = 11.7;
					};
				};
			};
			buildConfigurationList = 4F5319542548AB34005FF098 /* Build configuration list for PBXProject "HowCoreImageInteractsWithMetal" */;
			compatibilityVersion = "Xcode 9.3";
			developmentRegion = en;
			hasScannedForEncodings = 0;
			knownRegions = (
				en,
				Base,
			);
			mainGroup = 4F5319502548AB34005FF098;
			productRefGroup = 4F53195A2548AB34005FF098 /* Products */;
			projectDirPath = "";
			projectRoot = "";
			targets = (
				4F5319582548AB34005FF098 /* HowCoreImageInteractsWithMetal */,
			);
		};
/* End PBXProject section */

/* Begin PBXResourcesBuildPhase section */
		4F5319572548AB34005FF098 /* Resources */ = {
			isa = PBXResourcesBuildPhase;
			buildActionMask = 2147483647;
			files = (
				4F53196C2548AB37005FF098 /* LaunchScreen.storyboard in Resources */,
				4F5319762548AF1C005FF098 /* im_RGB.png in Resources */,
				4F5319692548AB37005FF098 /* Assets.xcassets in Resources */,
				4F5319672548AB34005FF098 /* Main.storyboard in Resources */,
			);
			runOnlyForDeploymentPostprocessing = 0;
		};
/* End PBXResourcesBuildPhase section */

/* Begin PBXSourcesBuildPhase section */
		4F5319552548AB34005FF098 /* Sources */ = {
			isa = PBXSourcesBuildPhase;
			buildActionMask = 2147483647;
			files = (
				4F5319642548AB34005FF098 /* ViewController.mm in Sources */,
				4F53195E2548AB34005FF098 /* AppDelegate.mm in Sources */,
				4F53196F2548AB37005FF098 /* main.m in Sources */,
				4F5319612548AB34005FF098 /* SceneDelegate.mm in Sources */,
			);
			runOnlyForDeploymentPostprocessing = 0;
		};
/* End PBXSourcesBuildPhase section */

/* Begin PBXVariantGroup section */
		4F5319652548AB34005FF098 /* Main.storyboard */ = {
			isa = PBXVariantGroup;
			children = (
				4F5319662548AB34005FF098 /* Base */,
			);
			name = Main.storyboard;
			sourceTree = "<group>";
		};
		4F53196A2548AB37005FF098 /* LaunchScreen.storyboard */ = {
			isa = PBXVariantGroup;
			children = (
				4F53196B2548AB37005FF098 /* Base */,
			);
			name = LaunchScreen.storyboard;
			sourceTree = "<group>";
		};
/* End PBXVariantGroup section */

/* Begin XCBuildConfiguration section */
		4F5319702548AB37005FF098 /* Debug */ = {
			isa = XCBuildConfiguration;
			buildSettings = {
				ALWAYS_SEARCH_USER_PATHS = NO;
				CLANG_ANALYZER_NONNULL = YES;
				CLANG_ANALYZER_NUMBER_OBJECT_CONVERSION = YES_AGGRESSIVE;
				CLANG_CXX_LANGUAGE_STANDARD = "gnu++14";
				CLANG_CXX_LIBRARY = "libc++";
				CLANG_ENABLE_MODULES = YES;
				CLANG_ENABLE_OBJC_ARC = YES;
				CLANG_ENABLE_OBJC_WEAK = YES;
				CLANG_WARN_BLOCK_CAPTURE_AUTORELEASING = YES;
				CLANG_WARN_BOOL_CONVERSION = YES;
				CLANG_WARN_COMMA = YES;
				CLANG_WARN_CONSTANT_CONVERSION = YES;
				CLANG_WARN_DEPRECATED_OBJC_IMPLEMENTATIONS = YES;
				CLANG_WARN_DIRECT_OBJC_ISA_USAGE = YES_ERROR;
				CLANG_WARN_DOCUMENTATION_COMMENTS = YES;
				CLANG_WARN_EMPTY_BODY = YES;
				CLANG_WARN_ENUM_CONVERSION = YES;
				CLANG_WARN_INFINITE_RECURSION = YES;
				CLANG_WARN_INT_CONVERSION = YES;
				CLANG_WARN_NON_LITERAL_NULL_CONVERSION = YES;
				CLANG_WARN_OBJC_IMPLICIT_RETAIN_SELF = YES;
				CLANG_WARN_OBJC_LITERAL_CONVERSION = YES;
				CLANG_WARN_OBJC_ROOT_CLASS = YES_ERROR;
				CLANG_WARN_RANGE_LOOP_ANALYSIS = YES;
				CLANG_WARN_STRICT_PROTOTYPES = YES;
				CLANG_WARN_SUSPICIOUS_MOVE = YES;
				CLANG_WARN_UNGUARDED_AVAILABILITY = YES_AGGRESSIVE;
				CLANG_WARN_UNREACHABLE_CODE = YES;
				CLANG_WARN__DUPLICATE_METHOD_MATCH = YES;
				COPY_PHASE_STRIP = NO;
				DEBUG_INFORMATION_FORMAT = dwarf;
				ENABLE_STRICT_OBJC_MSGSEND = YES;
				ENABLE_TESTABILITY = YES;
				GCC_C_LANGUAGE_STANDARD = gnu11;
				GCC_DYNAMIC_NO_PIC = NO;
				GCC_NO_COMMON_BLOCKS = YES;
				GCC_OPTIMIZATION_LEVEL = 0;
				GCC_PREPROCESSOR_DEFINITIONS = (
					"DEBUG=1",
					"$(inherited)",
				);
				GCC_WARN_64_TO_32_BIT_CONVERSION = YES;
				GCC_WARN_ABOUT_RETURN_TYPE = YES_ERROR;
				GCC_WARN_UNDECLARED_SELECTOR = YES;
				GCC_WARN_UNINITIALIZED_AUTOS = YES_AGGRESSIVE;
				GCC_WARN_UNUSED_FUNCTION = YES;
				GCC_WARN_UNUSED_VARIABLE = YES;
				IPHONEOS_DEPLOYMENT_TARGET = 13.7;
				MTL_ENABLE_DEBUG_INFO = INCLUDE_SOURCE;
				MTL_FAST_MATH = YES;
				ONLY_ACTIVE_ARCH = YES;
				SDKROOT = iphoneos;
			};
			name = Debug;
		};
		4F5319712548AB37005FF098 /* Release */ = {
			isa = XCBuildConfiguration;
			buildSettings = {
				ALWAYS_SEARCH_USER_PATHS = NO;
				CLANG_ANALYZER_NONNULL = YES;
				CLANG_ANALYZER_NUMBER_OBJECT_CONVERSION = YES_AGGRESSIVE;
				CLANG_CXX_LANGUAGE_STANDARD = "gnu++14";
				CLANG_CXX_LIBRARY = "libc++";
				CLANG_ENABLE_MODULES = YES;
				CLANG_ENABLE_OBJC_ARC = YES;
				CLANG_ENABLE_OBJC_WEAK = YES;
				CLANG_WARN_BLOCK_CAPTURE_AUTORELEASING = YES;
				CLANG_WARN_BOOL_CONVERSION = YES;
				CLANG_WARN_COMMA = YES;
				CLANG_WARN_CONSTANT_CONVERSION = YES;
				CLANG_WARN_DEPRECATED_OBJC_IMPLEMENTATIONS = YES;
				CLANG_WARN_DIRECT_OBJC_ISA_USAGE = YES_ERROR;
				CLANG_WARN_DOCUMENTATION_COMMENTS = YES;
				CLANG_WARN_EMPTY_BODY = YES;
				CLANG_WARN_ENUM_CONVERSION = YES;
				CLANG_WARN_INFINITE_RECURSION = YES;
				CLANG_WARN_INT_CONVERSION = YES;
				CLANG_WARN_NON_LITERAL_NULL_CONVERSION = YES;
				CLANG_WARN_OBJC_IMPLICIT_RETAIN_SELF = YES;
				CLANG_WARN_OBJC_LITERAL_CONVERSION = YES;
				CLANG_WARN_OBJC_ROOT_CLASS = YES_ERROR;
				CLANG_WARN_RANGE_LOOP_ANALYSIS = YES;
				CLANG_WARN_STRICT_PROTOTYPES = YES;
				CLANG_WARN_SUSPICIOUS_MOVE = YES;
				CLANG_WARN_UNGUARDED_AVAILABILITY = YES_AGGRESSIVE;
				CLANG_WARN_UNREACHABLE_CODE = YES;
				CLANG_WARN__DUPLICATE_METHOD_MATCH = YES;
				COPY_PHASE_STRIP = NO;
				DEBUG_INFORMATION_FORMAT = "dwarf-with-dsym";
				ENABLE_NS_ASSERTIONS = NO;
				ENABLE_STRICT_OBJC_MSGSEND = YES;
				GCC_C_LANGUAGE_STANDARD = gnu11;
				GCC_NO_COMMON_BLOCKS = YES;
				GCC_WARN_64_TO_32_BIT_CONVERSION = YES;
				GCC_WARN_ABOUT_RETURN_TYPE = YES_ERROR;
				GCC_WARN_UNDECLARED_SELECTOR = YES;
				GCC_WARN_UNINITIALIZED_AUTOS = YES_AGGRESSIVE;
				GCC_WARN_UNUSED_FUNCTION = YES;
				GCC_WARN_UNUSED_VARIABLE = YES;
				IPHONEOS_DEPLOYMENT_TARGET = 13.7;
				MTL_ENABLE_DEBUG_INFO = NO;
				MTL_FAST_MATH = YES;
				SDKROOT = iphoneos;
				VALIDATE_PRODUCT = YES;
			};
			name = Release;
		};
		4F5319732548AB37005FF098 /* Debug */ = {
			isa = XCBuildConfiguration;
			buildSettings = {
				ASSETCATALOG_COMPILER_APPICON_NAME = AppIcon;
				CODE_SIGN_STYLE = Automatic;
				DEVELOPMENT_TEAM = LPEDTJU8WA;
				INFOPLIST_FILE = HowCoreImageInteractsWithMetal/Info.plist;
				LD_RUNPATH_SEARCH_PATHS = (
					"$(inherited)",
					"@executable_path/Frameworks",
				);
				PRODUCT_BUNDLE_IDENTIFIER = org.HowCoreImageInteractsWithMetal;
				PRODUCT_NAME = "$(TARGET_NAME)";
				TARGETED_DEVICE_FAMILY = "1,2";
			};
			name = Debug;
		};
		4F5319742548AB37005FF098 /* Release */ = {
			isa = XCBuildConfiguration;
			buildSettings = {
				ASSETCATALOG_COMPILER_APPICON_NAME = AppIcon;
				CODE_SIGN_STYLE = Automatic;
				DEVELOPMENT_TEAM = LPEDTJU8WA;
				INFOPLIST_FILE = HowCoreImageInteractsWithMetal/Info.plist;
				LD_RUNPATH_SEARCH_PATHS = (
					"$(inherited)",
					"@executable_path/Frameworks",
				);
				PRODUCT_BUNDLE_IDENTIFIER = org.HowCoreImageInteractsWithMetal;
				PRODUCT_NAME = "$(TARGET_NAME)";
				TARGETED_DEVICE_FAMILY = "1,2";
			};
			name = Release;
		};
/* End XCBuildConfiguration section */

/* Begin XCConfigurationList section */
		4F5319542548AB34005FF098 /* Build configuration list for PBXProject "HowCoreImageInteractsWithMetal" */ = {
			isa = XCConfigurationList;
			buildConfigurations = (
				4F5319702548AB37005FF098 /* Debug */,
				4F5319712548AB37005FF098 /* Release */,
			);
			defaultConfigurationIsVisible = 0;
			defaultConfigurationName = Release;
		};
		4F5319722548AB37005FF098 /* Build configuration list for PBXNativeTarget "HowCoreImageInteractsWithMetal" */ = {
			isa = XCConfigurationList;
			buildConfigurations = (
				4F5319732548AB37005FF098 /* Debug */,
				4F5319742548AB37005FF098 /* Release */,
			);
			defaultConfigurationIsVisible = 0;
			defaultConfigurationName = Release;
		};
/* End XCConfigurationList section */
	};
	rootObject = 4F5319512548AB34005FF098 /* Project object */;
}
